// !$*UTF8*$!
{
	archiveVersion = 1;
	classes = {
	};
	objectVersion = 56;
	objects = {

/* Begin PBXBuildFile section */
		A063F137293D6F2F0001FE22 /* AppDelegate.swift in Sources */ = {isa = PBXBuildFile; fileRef = A063F136293D6F2F0001FE22 /* AppDelegate.swift */; };
		A063F139293D6F2F0001FE22 /* SceneDelegate.swift in Sources */ = {isa = PBXBuildFile; fileRef = A063F138293D6F2F0001FE22 /* SceneDelegate.swift */; };
		A063F13E293D6F2F0001FE22 /* Main.storyboard in Resources */ = {isa = PBXBuildFile; fileRef = A063F13C293D6F2F0001FE22 /* Main.storyboard */; };
		A063F141293D6F2F0001FE22 /* ToDoList.xcdatamodeld in Sources */ = {isa = PBXBuildFile; fileRef = A063F13F293D6F2F0001FE22 /* ToDoList.xcdatamodeld */; };
		A063F143293D6F300001FE22 /* Assets.xcassets in Resources */ = {isa = PBXBuildFile; fileRef = A063F142293D6F300001FE22 /* Assets.xcassets */; };
		A063F146293D6F300001FE22 /* LaunchScreen.storyboard in Resources */ = {isa = PBXBuildFile; fileRef = A063F144293D6F300001FE22 /* LaunchScreen.storyboard */; };
		A063F14E293D70830001FE22 /* ToDoListViewController.swift in Sources */ = {isa = PBXBuildFile; fileRef = A063F14D293D70830001FE22 /* ToDoListViewController.swift */; };
/* End PBXBuildFile section */

/* Begin PBXFileReference section */
		A063F133293D6F2F0001FE22 /* ToDoList.app */ = {isa = PBXFileReference; explicitFileType = wrapper.application; includeInIndex = 0; path = ToDoList.app; sourceTree = BUILT_PRODUCTS_DIR; };
		A063F136293D6F2F0001FE22 /* AppDelegate.swift */ = {isa = PBXFileReference; lastKnownFileType = sourcecode.swift; path = AppDelegate.swift; sourceTree = "<group>"; };
		A063F138293D6F2F0001FE22 /* SceneDelegate.swift */ = {isa = PBXFileReference; lastKnownFileType = sourcecode.swift; path = SceneDelegate.swift; sourceTree = "<group>"; };
		A063F13D293D6F2F0001FE22 /* Base */ = {isa = PBXFileReference; lastKnownFileType = file.storyboard; name = Base; path = Base.lproj/Main.storyboard; sourceTree = "<group>"; };
		A063F140293D6F2F0001FE22 /* ToDoList.xcdatamodel */ = {isa = PBXFileReference; lastKnownFileType = wrapper.xcdatamodel; path = ToDoList.xcdatamodel; sourceTree = "<group>"; };
		A063F142293D6F300001FE22 /* Assets.xcassets */ = {isa = PBXFileReference; lastKnownFileType = folder.assetcatalog; path = Assets.xcassets; sourceTree = "<group>"; };
		A063F145293D6F300001FE22 /* Base */ = {isa = PBXFileReference; lastKnownFileType = file.storyboard; name = Base; path = Base.lproj/LaunchScreen.storyboard; sourceTree = "<group>"; };
		A063F147293D6F300001FE22 /* Info.plist */ = {isa = PBXFileReference; lastKnownFileType = text.plist.xml; path = Info.plist; sourceTree = "<group>"; };
		A063F14D293D70830001FE22 /* ToDoListViewController.swift */ = {isa = PBXFileReference; lastKnownFileType = sourcecode.swift; path = ToDoListViewController.swift; sourceTree = "<group>"; };
/* End PBXFileReference section */

/* Begin PBXFrameworksBuildPhase section */
		A063F130293D6F2F0001FE22 /* Frameworks */ = {
			isa = PBXFrameworksBuildPhase;
			buildActionMask = 2147483647;
			files = (
			);
			runOnlyForDeploymentPostprocessing = 0;
		};
/* End PBXFrameworksBuildPhase section */

/* Begin PBXGroup section */
		A063F12A293D6F2F0001FE22 = {
			isa = PBXGroup;
			children = (
				A063F135293D6F2F0001FE22 /* ToDoList */,
				A063F134293D6F2F0001FE22 /* Products */,
			);
			sourceTree = "<group>";
		};
		A063F134293D6F2F0001FE22 /* Products */ = {
			isa = PBXGroup;
			children = (
				A063F133293D6F2F0001FE22 /* ToDoList.app */,
			);
			name = Products;
			sourceTree = "<group>";
		};
		A063F135293D6F2F0001FE22 /* ToDoList */ = {
			isa = PBXGroup;
			children = (
				A063F136293D6F2F0001FE22 /* AppDelegate.swift */,
				A063F138293D6F2F0001FE22 /* SceneDelegate.swift */,
				A063F13C293D6F2F0001FE22 /* Main.storyboard */,
				A063F14D293D70830001FE22 /* ToDoListViewController.swift */,
				A063F142293D6F300001FE22 /* Assets.xcassets */,
				A063F144293D6F300001FE22 /* LaunchScreen.storyboard */,
				A063F147293D6F300001FE22 /* Info.plist */,
				A063F13F293D6F2F0001FE22 /* ToDoList.xcdatamodeld */,
			);
			path = ToDoList;
			sourceTree = "<group>";
		};
/* End PBXGroup section */

/* Begin PBXNativeTarget section */
		A063F132293D6F2F0001FE22 /* ToDoList */ = {
			isa = PBXNativeTarget;
			buildConfigurationList = A063F14A293D6F300001FE22 /* Build configuration list for PBXNativeTarget "ToDoList" */;
			buildPhases = (
				A063F12F293D6F2F0001FE22 /* Sources */,
				A063F130293D6F2F0001FE22 /* Frameworks */,
				A063F131293D6F2F0001FE22 /* Resources */,
			);
			buildRules = (
			);
			dependencies = (
			);
			name = ToDoList;
			productName = ToDoList;
			productReference = A063F133293D6F2F0001FE22 /* ToDoList.app */;
			productType = "com.apple.product-type.application";
		};
/* End PBXNativeTarget section */

/* Begin PBXProject section */
		A063F12B293D6F2F0001FE22 /* Project object */ = {
			isa = PBXProject;
			attributes = {
				BuildIndependentTargetsInParallel = 1;
				LastSwiftUpdateCheck = 1410;
				LastUpgradeCheck = 1410;
				TargetAttributes = {
					A063F132293D6F2F0001FE22 = {
						CreatedOnToolsVersion = 14.1;
					};
				};
			};
			buildConfigurationList = A063F12E293D6F2F0001FE22 /* Build configuration list for PBXProject "ToDoList" */;
			compatibilityVersion = "Xcode 14.0";
			developmentRegion = en;
			hasScannedForEncodings = 0;
			knownRegions = (
				en,
				Base,
			);
			mainGroup = A063F12A293D6F2F0001FE22;
			productRefGroup = A063F134293D6F2F0001FE22 /* Products */;
			projectDirPath = "";
			projectRoot = "";
			targets = (
				A063F132293D6F2F0001FE22 /* ToDoList */,
			);
		};
/* End PBXProject section */

/* Begin PBXResourcesBuildPhase section */
		A063F131293D6F2F0001FE22 /* Resources */ = {
			isa = PBXResourcesBuildPhase;
			buildActionMask = 2147483647;
			files = (
				A063F146293D6F300001FE22 /* LaunchScreen.storyboard in Resources */,
				A063F143293D6F300001FE22 /* Assets.xcassets in Resources */,
				A063F13E293D6F2F0001FE22 /* Main.storyboard in Resources */,
			);
			runOnlyForDeploymentPostprocessing = 0;
		};
/* End PBXResourcesBuildPhase section */

/* Begin PBXSourcesBuildPhase section */
		A063F12F293D6F2F0001FE22 /* Sources */ = {
			isa = PBXSourcesBuildPhase;
			buildActionMask = 2147483647;
			files = (
				A063F137293D6F2F0001FE22 /* AppDelegate.swift in Sources */,
				A063F139293D6F2F0001FE22 /* SceneDelegate.swift in Sources */,
				A063F14E293D70830001FE22 /* ToDoListViewController.swift in Sources */,
				A063F141293D6F2F0001FE22 /* ToDoList.xcdatamodeld in Sources */,
			);
			runOnlyForDeploymentPostprocessing = 0;
		};
/* End PBXSourcesBuildPhase section */

/* Begin PBXVariantGroup section */
		A063F13C293D6F2F0001FE22 /* Main.storyboard */ = {
			isa = PBXVariantGroup;
			children = (
				A063F13D293D6F2F0001FE22 /* Base */,
			);
			name = Main.storyboard;
			sourceTree = "<group>";
		};
		A063F144293D6F300001FE22 /* LaunchScreen.storyboard */ = {
			isa = PBXVariantGroup;
			children = (
				A063F145293D6F300001FE22 /* Base */,
			);
			name = LaunchScreen.storyboard;
			sourceTree = "<group>";
		};
/* End PBXVariantGroup section */

/* Begin XCBuildConfiguration section */
		A063F148293D6F300001FE22 /* Debug */ = {
			isa = XCBuildConfiguration;
			buildSettings = {
				ALWAYS_SEARCH_USER_PATHS = NO;
				CLANG_ANALYZER_NONNULL = YES;
				CLANG_ANALYZER_NUMBER_OBJECT_CONVERSION = YES_AGGRESSIVE;
				CLANG_CXX_LANGUAGE_STANDARD = "gnu++20";
				CLANG_ENABLE_MODULES = YES;
				CLANG_ENABLE_OBJC_ARC = YES;
				CLANG_ENABLE_OBJC_WEAK = YES;
				CLANG_WARN_BLOCK_CAPTURE_AUTORELEASING = YES;
				CLANG_WARN_BOOL_CONVERSION = YES;
				CLANG_WARN_COMMA = YES;
				CLANG_WARN_CONSTANT_CONVERSION = YES;
				CLANG_WARN_DEPRECATED_OBJC_IMPLEMENTATIONS = YES;
				CLANG_WARN_DIRECT_OBJC_ISA_USAGE = YES_ERROR;
				CLANG_WARN_DOCUMENTATION_COMMENTS = YES;
				CLANG_WARN_EMPTY_BODY = YES;
				CLANG_WARN_ENUM_CONVERSION = YES;
				CLANG_WARN_INFINITE_RECURSION = YES;
				CLANG_WARN_INT_CONVERSION = YES;
				CLANG_WARN_NON_LITERAL_NULL_CONVERSION = YES;
				CLANG_WARN_OBJC_IMPLICIT_RETAIN_SELF = YES;
				CLANG_WARN_OBJC_LITERAL_CONVERSION = YES;
				CLANG_WARN_OBJC_ROOT_CLASS = YES_ERROR;
				CLANG_WARN_QUOTED_INCLUDE_IN_FRAMEWORK_HEADER = YES;
				CLANG_WARN_RANGE_LOOP_ANALYSIS = YES;
				CLANG_WARN_STRICT_PROTOTYPES = YES;
				CLANG_WARN_SUSPICIOUS_MOVE = YES;
				CLANG_WARN_UNGUARDED_AVAILABILITY = YES_AGGRESSIVE;
				CLANG_WARN_UNREACHABLE_CODE = YES;
				CLANG_WARN__DUPLICATE_METHOD_MATCH = YES;
				COPY_PHASE_STRIP = NO;
				DEBUG_INFORMATION_FORMAT = dwarf;
				ENABLE_STRICT_OBJC_MSGSEND = YES;
				ENABLE_TESTABILITY = YES;
				GCC_C_LANGUAGE_STANDARD = gnu11;
				GCC_DYNAMIC_NO_PIC = NO;
				GCC_NO_COMMON_BLOCKS = YES;
				GCC_OPTIMIZATION_LEVEL = 0;
				GCC_PREPROCESSOR_DEFINITIONS = (
					"DEBUG=1",
					"$(inherited)",
				);
				GCC_WARN_64_TO_32_BIT_CONVERSION = YES;
				GCC_WARN_ABOUT_RETURN_TYPE = YES_ERROR;
				GCC_WARN_UNDECLARED_SELECTOR = YES;
				GCC_WARN_UNINITIALIZED_AUTOS = YES_AGGRESSIVE;
				GCC_WARN_UNUSED_FUNCTION = YES;
				GCC_WARN_UNUSED_VARIABLE = YES;
				IPHONEOS_DEPLOYMENT_TARGET = 16.1;
				MTL_ENABLE_DEBUG_INFO = INCLUDE_SOURCE;
				MTL_FAST_MATH = YES;
				ONLY_ACTIVE_ARCH = YES;
				SDKROOT = iphoneos;
				SWIFT_ACTIVE_COMPILATION_CONDITIONS = DEBUG;
				SWIFT_OPTIMIZATION_LEVEL = "-Onone";
			};
			name = Debug;
		};
		A063F149293D6F300001FE22 /* Release */ = {
			isa = XCBuildConfiguration;
			buildSettings = {
				ALWAYS_SEARCH_USER_PATHS = NO;
				CLANG_ANALYZER_NONNULL = YES;
				CLANG_ANALYZER_NUMBER_OBJECT_CONVERSION = YES_AGGRESSIVE;
				CLANG_CXX_LANGUAGE_STANDARD = "gnu++20";
				CLANG_ENABLE_MODULES = YES;
				CLANG_ENABLE_OBJC_ARC = YES;
				CLANG_ENABLE_OBJC_WEAK = YES;
				CLANG_WARN_BLOCK_CAPTURE_AUTORELEASING = YES;
				CLANG_WARN_BOOL_CONVERSION = YES;
				CLANG_WARN_COMMA = YES;
				CLANG_WARN_CONSTANT_CONVERSION = YES;
				CLANG_WARN_DEPRECATED_OBJC_IMPLEMENTATIONS = YES;
				CLANG_WARN_DIRECT_OBJC_ISA_USAGE = YES_ERROR;
				CLANG_WARN_DOCUMENTATION_COMMENTS = YES;
				CLANG_WARN_EMPTY_BODY = YES;
				CLANG_WARN_ENUM_CONVERSION = YES;
				CLANG_WARN_INFINITE_RECURSION = YES;
				CLANG_WARN_INT_CONVERSION = YES;
				CLANG_WARN_NON_LITERAL_NULL_CONVERSION = YES;
				CLANG_WARN_OBJC_IMPLICIT_RETAIN_SELF = YES;
				CLANG_WARN_OBJC_LITERAL_CONVERSION = YES;
				CLANG_WARN_OBJC_ROOT_CLASS = YES_ERROR;
				CLANG_WARN_QUOTED_INCLUDE_IN_FRAMEWORK_HEADER = YES;
				CLANG_WARN_RANGE_LOOP_ANALYSIS = YES;
				CLANG_WARN_STRICT_PROTOTYPES = YES;
				CLANG_WARN_SUSPICIOUS_MOVE = YES;
				CLANG_WARN_UNGUARDED_AVAILABILITY = YES_AGGRESSIVE;
				CLANG_WARN_UNREACHABLE_CODE = YES;
				CLANG_WARN__DUPLICATE_METHOD_MATCH = YES;
				COPY_PHASE_STRIP = NO;
				DEBUG_INFORMATION_FORMAT = "dwarf-with-dsym";
				ENABLE_NS_ASSERTIONS = NO;
				ENABLE_STRICT_OBJC_MSGSEND = YES;
				GCC_C_LANGUAGE_STANDARD = gnu11;
				GCC_NO_COMMON_BLOCKS = YES;
				GCC_WARN_64_TO_32_BIT_CONVERSION = YES;
				GCC_WARN_ABOUT_RETURN_TYPE = YES_ERROR;
				GCC_WARN_UNDECLARED_SELECTOR = YES;
				GCC_WARN_UNINITIALIZED_AUTOS = YES_AGGRESSIVE;
				GCC_WARN_UNUSED_FUNCTION = YES;
				GCC_WARN_UNUSED_VARIABLE = YES;
				IPHONEOS_DEPLOYMENT_TARGET = 16.1;
				MTL_ENABLE_DEBUG_INFO = NO;
				MTL_FAST_MATH = YES;
				SDKROOT = iphoneos;
				SWIFT_COMPILATION_MODE = wholemodule;
				SWIFT_OPTIMIZATION_LEVEL = "-O";
				VALIDATE_PRODUCT = YES;
			};
			name = Release;
		};
		A063F14B293D6F300001FE22 /* Debug */ = {
			isa = XCBuildConfiguration;
			buildSettings = {
				ASSETCATALOG_COMPILER_APPICON_NAME = AppIcon;
				ASSETCATALOG_COMPILER_GLOBAL_ACCENT_COLOR_NAME = AccentColor;
				CODE_SIGN_STYLE = Automatic;
				CURRENT_PROJECT_VERSION = 1;
				DEVELOPMENT_TEAM = QZ329TNU43;
				GENERATE_INFOPLIST_FILE = YES;
				INFOPLIST_FILE = ToDoList/Info.plist;
				INFOPLIST_KEY_UIApplicationSupportsIndirectInputEvents = YES;
				INFOPLIST_KEY_UILaunchStoryboardName = LaunchScreen;
				INFOPLIST_KEY_UIMainStoryboardFile = Main;
				INFOPLIST_KEY_UISupportedInterfaceOrientations = UIInterfaceOrientationPortrait;
				INFOPLIST_KEY_UISupportedInterfaceOrientations_iPad = "UIInterfaceOrientationLandscapeLeft UIInterfaceOrientationLandscapeRight UIInterfaceOrientationPortrait UIInterfaceOrientationPortraitUpsideDown";
				LD_RUNPATH_SEARCH_PATHS = (
					"$(inherited)",
					"@executable_path/Frameworks",
				);
				MARKETING_VERSION = 1.0;
				PRODUCT_BUNDLE_IDENTIFIER = matveiKhlestov.ToDoList;
				PRODUCT_NAME = "$(TARGET_NAME)";
				SUPPORTED_PLATFORMS = "iphoneos iphonesimulator";
				SUPPORTS_MACCATALYST = NO;
				SUPPORTS_MAC_DESIGNED_FOR_IPHONE_IPAD = NO;
				SWIFT_EMIT_LOC_STRINGS = YES;
				SWIFT_VERSION = 5.0;
				TARGETED_DEVICE_FAMILY = 1;
			};
			name = Debug;
		};
		A063F14C293D6F300001FE22 /* Release */ = {
			isa = XCBuildConfiguration;
			buildSettings = {
				ASSETCATALOG_COMPILER_APPICON_NAME = AppIcon;
				ASSETCATALOG_COMPILER_GLOBAL_ACCENT_COLOR_NAME = AccentColor;
				CODE_SIGN_STYLE = Automatic;
				CURRENT_PROJECT_VERSION = 1;
				DEVELOPMENT_TEAM = QZ329TNU43;
				GENERATE_INFOPLIST_FILE = YES;
				INFOPLIST_FILE = ToDoList/Info.plist;
				INFOPLIST_KEY_UIApplicationSupportsIndirectInputEvents = YES;
				INFOPLIST_KEY_UILaunchStoryboardName = LaunchScreen;
				INFOPLIST_KEY_UIMainStoryboardFile = Main;
				INFOPLIST_KEY_UISupportedInterfaceOrientations = UIInterfaceOrientationPortrait;
				INFOPLIST_KEY_UISupportedInterfaceOrientations_iPad = "UIInterfaceOrientationLandscapeLeft UIInterfaceOrientationLandscapeRight UIInterfaceOrientationPortrait UIInterfaceOrientationPortraitUpsideDown";
				LD_RUNPATH_SEARCH_PATHS = (
					"$(inherited)",
					"@executable_path/Frameworks",
				);
				MARKETING_VERSION = 1.0;
				PRODUCT_BUNDLE_IDENTIFIER = matveiKhlestov.ToDoList;
				PRODUCT_NAME = "$(TARGET_NAME)";
				SUPPORTED_PLATFORMS = "iphoneos iphonesimulator";
				SUPPORTS_MACCATALYST = NO;
				SUPPORTS_MAC_DESIGNED_FOR_IPHONE_IPAD = NO;
				SWIFT_EMIT_LOC_STRINGS = YES;
				SWIFT_VERSION = 5.0;
				TARGETED_DEVICE_FAMILY = 1;
			};
			name = Release;
		};
/* End XCBuildConfiguration section */

/* Begin XCConfigurationList section */
		A063F12E293D6F2F0001FE22 /* Build configuration list for PBXProject "ToDoList" */ = {
			isa = XCConfigurationList;
			buildConfigurations = (
				A063F148293D6F300001FE22 /* Debug */,
				A063F149293D6F300001FE22 /* Release */,
			);
			defaultConfigurationIsVisible = 0;
			defaultConfigurationName = Release;
		};
		A063F14A293D6F300001FE22 /* Build configuration list for PBXNativeTarget "ToDoList" */ = {
			isa = XCConfigurationList;
			buildConfigurations = (
				A063F14B293D6F300001FE22 /* Debug */,
				A063F14C293D6F300001FE22 /* Release */,
			);
			defaultConfigurationIsVisible = 0;
			defaultConfigurationName = Release;
		};
/* End XCConfigurationList section */

/* Begin XCVersionGroup section */
		A063F13F293D6F2F0001FE22 /* ToDoList.xcdatamodeld */ = {
			isa = XCVersionGroup;
			children = (
				A063F140293D6F2F0001FE22 /* ToDoList.xcdatamodel */,
			);
			currentVersion = A063F140293D6F2F0001FE22 /* ToDoList.xcdatamodel */;
			path = ToDoList.xcdatamodeld;
			sourceTree = "<group>";
			versionGroupType = wrapper.xcdatamodel;
		};
/* End XCVersionGroup section */
	};
	rootObject = A063F12B293D6F2F0001FE22 /* Project object */;
}
